// !$*UTF8*$!
{
	archiveVersion = 1;
	classes = {
	};
	objectVersion = 50;
	objects = {

/* Begin PBXBuildFile section */
		8E172059261CC38200A9491C /* AppDelegate.swift in Sources */ = {isa = PBXBuildFile; fileRef = 8E172058261CC38200A9491C /* AppDelegate.swift */; };
		8E17205B261CC38300A9491C /* SceneDelegate.swift in Sources */ = {isa = PBXBuildFile; fileRef = 8E17205A261CC38300A9491C /* SceneDelegate.swift */; };
		8E17205D261CC38300A9491C /* ViewController.swift in Sources */ = {isa = PBXBuildFile; fileRef = 8E17205C261CC38300A9491C /* ViewController.swift */; };
		8E172060261CC38300A9491C /* Main.storyboard in Resources */ = {isa = PBXBuildFile; fileRef = 8E17205E261CC38300A9491C /* Main.storyboard */; };
		8E172062261CC38800A9491C /* Assets.xcassets in Resources */ = {isa = PBXBuildFile; fileRef = 8E172061261CC38800A9491C /* Assets.xcassets */; };
		8E172065261CC38800A9491C /* LaunchScreen.storyboard in Resources */ = {isa = PBXBuildFile; fileRef = 8E172063261CC38800A9491C /* LaunchScreen.storyboard */; };
		8E17206E261EB18E00A9491C /* animationView.swift in Sources */ = {isa = PBXBuildFile; fileRef = 8E17206D261EB18E00A9491C /* animationView.swift */; };
		8E172071261F781F00A9491C /* sortAlgs.swift in Sources */ = {isa = PBXBuildFile; fileRef = 8E172070261F781F00A9491C /* sortAlgs.swift */; };
/* End PBXBuildFile section */

/* Begin PBXFileReference section */
		8E172055261CC38200A9491C /* jveit-algMultiThreading.app */ = {isa = PBXFileReference; explicitFileType = wrapper.application; includeInIndex = 0; path = "jveit-algMultiThreading.app"; sourceTree = BUILT_PRODUCTS_DIR; };
		8E172058261CC38200A9491C /* AppDelegate.swift */ = {isa = PBXFileReference; lastKnownFileType = sourcecode.swift; path = AppDelegate.swift; sourceTree = "<group>"; };
		8E17205A261CC38300A9491C /* SceneDelegate.swift */ = {isa = PBXFileReference; lastKnownFileType = sourcecode.swift; path = SceneDelegate.swift; sourceTree = "<group>"; };
		8E17205C261CC38300A9491C /* ViewController.swift */ = {isa = PBXFileReference; lastKnownFileType = sourcecode.swift; path = ViewController.swift; sourceTree = "<group>"; };
		8E17205F261CC38300A9491C /* Base */ = {isa = PBXFileReference; lastKnownFileType = file.storyboard; name = Base; path = Base.lproj/Main.storyboard; sourceTree = "<group>"; };
		8E172061261CC38800A9491C /* Assets.xcassets */ = {isa = PBXFileReference; lastKnownFileType = folder.assetcatalog; path = Assets.xcassets; sourceTree = "<group>"; };
		8E172064261CC38800A9491C /* Base */ = {isa = PBXFileReference; lastKnownFileType = file.storyboard; name = Base; path = Base.lproj/LaunchScreen.storyboard; sourceTree = "<group>"; };
		8E172066261CC38800A9491C /* Info.plist */ = {isa = PBXFileReference; lastKnownFileType = text.plist.xml; path = Info.plist; sourceTree = "<group>"; };
		8E17206D261EB18E00A9491C /* animationView.swift */ = {isa = PBXFileReference; lastKnownFileType = sourcecode.swift; path = animationView.swift; sourceTree = "<group>"; };
		8E172070261F781F00A9491C /* sortAlgs.swift */ = {isa = PBXFileReference; lastKnownFileType = sourcecode.swift; path = sortAlgs.swift; sourceTree = "<group>"; };
/* End PBXFileReference section */

/* Begin PBXFrameworksBuildPhase section */
		8E172052261CC38200A9491C /* Frameworks */ = {
			isa = PBXFrameworksBuildPhase;
			buildActionMask = 2147483647;
			files = (
			);
			runOnlyForDeploymentPostprocessing = 0;
		};
/* End PBXFrameworksBuildPhase section */

/* Begin PBXGroup section */
		8E17204C261CC38200A9491C = {
			isa = PBXGroup;
			children = (
				8E172057261CC38200A9491C /* jveit-algMultiThreading */,
				8E172056261CC38200A9491C /* Products */,
			);
			sourceTree = "<group>";
		};
		8E172056261CC38200A9491C /* Products */ = {
			isa = PBXGroup;
			children = (
				8E172055261CC38200A9491C /* jveit-algMultiThreading.app */,
			);
			name = Products;
			sourceTree = "<group>";
		};
		8E172057261CC38200A9491C /* jveit-algMultiThreading */ = {
			isa = PBXGroup;
			children = (
				8E172058261CC38200A9491C /* AppDelegate.swift */,
				8E17205A261CC38300A9491C /* SceneDelegate.swift */,
				8E17205C261CC38300A9491C /* ViewController.swift */,
				8E172070261F781F00A9491C /* sortAlgs.swift */,
				8E17206D261EB18E00A9491C /* animationView.swift */,
				8E17205E261CC38300A9491C /* Main.storyboard */,
				8E172061261CC38800A9491C /* Assets.xcassets */,
				8E172063261CC38800A9491C /* LaunchScreen.storyboard */,
				8E172066261CC38800A9491C /* Info.plist */,
			);
			path = "jveit-algMultiThreading";
			sourceTree = "<group>";
		};
/* End PBXGroup section */

/* Begin PBXNativeTarget section */
		8E172054261CC38200A9491C /* jveit-algMultiThreading */ = {
			isa = PBXNativeTarget;
			buildConfigurationList = 8E172069261CC38800A9491C /* Build configuration list for PBXNativeTarget "jveit-algMultiThreading" */;
			buildPhases = (
				8E172051261CC38200A9491C /* Sources */,
				8E172052261CC38200A9491C /* Frameworks */,
				8E172053261CC38200A9491C /* Resources */,
			);
			buildRules = (
			);
			dependencies = (
			);
			name = "jveit-algMultiThreading";
			productName = "jveit-algMultiThreading";
			productReference = 8E172055261CC38200A9491C /* jveit-algMultiThreading.app */;
			productType = "com.apple.product-type.application";
		};
/* End PBXNativeTarget section */

/* Begin PBXProject section */
		8E17204D261CC38200A9491C /* Project object */ = {
			isa = PBXProject;
			attributes = {
				LastSwiftUpdateCheck = 1240;
				LastUpgradeCheck = 1240;
				TargetAttributes = {
					8E172054261CC38200A9491C = {
						CreatedOnToolsVersion = 12.4;
					};
				};
			};
			buildConfigurationList = 8E172050261CC38200A9491C /* Build configuration list for PBXProject "jveit-algMultiThreading" */;
			compatibilityVersion = "Xcode 9.3";
			developmentRegion = en;
			hasScannedForEncodings = 0;
			knownRegions = (
				en,
				Base,
			);
			mainGroup = 8E17204C261CC38200A9491C;
			productRefGroup = 8E172056261CC38200A9491C /* Products */;
			projectDirPath = "";
			projectRoot = "";
			targets = (
				8E172054261CC38200A9491C /* jveit-algMultiThreading */,
			);
		};
/* End PBXProject section */

/* Begin PBXResourcesBuildPhase section */
		8E172053261CC38200A9491C /* Resources */ = {
			isa = PBXResourcesBuildPhase;
			buildActionMask = 2147483647;
			files = (
				8E172065261CC38800A9491C /* LaunchScreen.storyboard in Resources */,
				8E172062261CC38800A9491C /* Assets.xcassets in Resources */,
				8E172060261CC38300A9491C /* Main.storyboard in Resources */,
			);
			runOnlyForDeploymentPostprocessing = 0;
		};
/* End PBXResourcesBuildPhase section */

/* Begin PBXSourcesBuildPhase section */
		8E172051261CC38200A9491C /* Sources */ = {
			isa = PBXSourcesBuildPhase;
			buildActionMask = 2147483647;
			files = (
				8E17205D261CC38300A9491C /* ViewController.swift in Sources */,
				8E17206E261EB18E00A9491C /* animationView.swift in Sources */,
				8E172059261CC38200A9491C /* AppDelegate.swift in Sources */,
				8E17205B261CC38300A9491C /* SceneDelegate.swift in Sources */,
				8E172071261F781F00A9491C /* sortAlgs.swift in Sources */,
			);
			runOnlyForDeploymentPostprocessing = 0;
		};
/* End PBXSourcesBuildPhase section */

/* Begin PBXVariantGroup section */
		8E17205E261CC38300A9491C /* Main.storyboard */ = {
			isa = PBXVariantGroup;
			children = (
				8E17205F261CC38300A9491C /* Base */,
			);
			name = Main.storyboard;
			sourceTree = "<group>";
		};
		8E172063261CC38800A9491C /* LaunchScreen.storyboard */ = {
			isa = PBXVariantGroup;
			children = (
				8E172064261CC38800A9491C /* Base */,
			);
			name = LaunchScreen.storyboard;
			sourceTree = "<group>";
		};
/* End PBXVariantGroup section */

/* Begin XCBuildConfiguration section */
		8E172067261CC38800A9491C /* Debug */ = {
			isa = XCBuildConfiguration;
			buildSettings = {
				ALWAYS_SEARCH_USER_PATHS = NO;
				CLANG_ANALYZER_NONNULL = YES;
				CLANG_ANALYZER_NUMBER_OBJECT_CONVERSION = YES_AGGRESSIVE;
				CLANG_CXX_LANGUAGE_STANDARD = "gnu++14";
				CLANG_CXX_LIBRARY = "libc++";
				CLANG_ENABLE_MODULES = YES;
				CLANG_ENABLE_OBJC_ARC = YES;
				CLANG_ENABLE_OBJC_WEAK = YES;
				CLANG_WARN_BLOCK_CAPTURE_AUTORELEASING = YES;
				CLANG_WARN_BOOL_CONVERSION = YES;
				CLANG_WARN_COMMA = YES;
				CLANG_WARN_CONSTANT_CONVERSION = YES;
				CLANG_WARN_DEPRECATED_OBJC_IMPLEMENTATIONS = YES;
				CLANG_WARN_DIRECT_OBJC_ISA_USAGE = YES_ERROR;
				CLANG_WARN_DOCUMENTATION_COMMENTS = YES;
				CLANG_WARN_EMPTY_BODY = YES;
				CLANG_WARN_ENUM_CONVERSION = YES;
				CLANG_WARN_INFINITE_RECURSION = YES;
				CLANG_WARN_INT_CONVERSION = YES;
				CLANG_WARN_NON_LITERAL_NULL_CONVERSION = YES;
				CLANG_WARN_OBJC_IMPLICIT_RETAIN_SELF = YES;
				CLANG_WARN_OBJC_LITERAL_CONVERSION = YES;
				CLANG_WARN_OBJC_ROOT_CLASS = YES_ERROR;
				CLANG_WARN_QUOTED_INCLUDE_IN_FRAMEWORK_HEADER = YES;
				CLANG_WARN_RANGE_LOOP_ANALYSIS = YES;
				CLANG_WARN_STRICT_PROTOTYPES = YES;
				CLANG_WARN_SUSPICIOUS_MOVE = YES;
				CLANG_WARN_UNGUARDED_AVAILABILITY = YES_AGGRESSIVE;
				CLANG_WARN_UNREACHABLE_CODE = YES;
				CLANG_WARN__DUPLICATE_METHOD_MATCH = YES;
				COPY_PHASE_STRIP = NO;
				DEBUG_INFORMATION_FORMAT = dwarf;
				ENABLE_STRICT_OBJC_MSGSEND = YES;
				ENABLE_TESTABILITY = YES;
				GCC_C_LANGUAGE_STANDARD = gnu11;
				GCC_DYNAMIC_NO_PIC = NO;
				GCC_NO_COMMON_BLOCKS = YES;
				GCC_OPTIMIZATION_LEVEL = 0;
				GCC_PREPROCESSOR_DEFINITIONS = (
					"DEBUG=1",
					"$(inherited)",
				);
				GCC_WARN_64_TO_32_BIT_CONVERSION = YES;
				GCC_WARN_ABOUT_RETURN_TYPE = YES_ERROR;
				GCC_WARN_UNDECLARED_SELECTOR = YES;
				GCC_WARN_UNINITIALIZED_AUTOS = YES_AGGRESSIVE;
				GCC_WARN_UNUSED_FUNCTION = YES;
				GCC_WARN_UNUSED_VARIABLE = YES;
				IPHONEOS_DEPLOYMENT_TARGET = 14.4;
				MTL_ENABLE_DEBUG_INFO = INCLUDE_SOURCE;
				MTL_FAST_MATH = YES;
				ONLY_ACTIVE_ARCH = YES;
				SDKROOT = iphoneos;
				SWIFT_ACTIVE_COMPILATION_CONDITIONS = DEBUG;
				SWIFT_OPTIMIZATION_LEVEL = "-Onone";
			};
			name = Debug;
		};
		8E172068261CC38800A9491C /* Release */ = {
			isa = XCBuildConfiguration;
			buildSettings = {
				ALWAYS_SEARCH_USER_PATHS = NO;
				CLANG_ANALYZER_NONNULL = YES;
				CLANG_ANALYZER_NUMBER_OBJECT_CONVERSION = YES_AGGRESSIVE;
				CLANG_CXX_LANGUAGE_STANDARD = "gnu++14";
				CLANG_CXX_LIBRARY = "libc++";
				CLANG_ENABLE_MODULES = YES;
				CLANG_ENABLE_OBJC_ARC = YES;
				CLANG_ENABLE_OBJC_WEAK = YES;
				CLANG_WARN_BLOCK_CAPTURE_AUTORELEASING = YES;
				CLANG_WARN_BOOL_CONVERSION = YES;
				CLANG_WARN_COMMA = YES;
				CLANG_WARN_CONSTANT_CONVERSION = YES;
				CLANG_WARN_DEPRECATED_OBJC_IMPLEMENTATIONS = YES;
				CLANG_WARN_DIRECT_OBJC_ISA_USAGE = YES_ERROR;
				CLANG_WARN_DOCUMENTATION_COMMENTS = YES;
				CLANG_WARN_EMPTY_BODY = YES;
				CLANG_WARN_ENUM_CONVERSION = YES;
				CLANG_WARN_INFINITE_RECURSION = YES;
				CLANG_WARN_INT_CONVERSION = YES;
				CLANG_WARN_NON_LITERAL_NULL_CONVERSION = YES;
				CLANG_WARN_OBJC_IMPLICIT_RETAIN_SELF = YES;
				CLANG_WARN_OBJC_LITERAL_CONVERSION = YES;
				CLANG_WARN_OBJC_ROOT_CLASS = YES_ERROR;
				CLANG_WARN_QUOTED_INCLUDE_IN_FRAMEWORK_HEADER = YES;
				CLANG_WARN_RANGE_LOOP_ANALYSIS = YES;
				CLANG_WARN_STRICT_PROTOTYPES = YES;
				CLANG_WARN_SUSPICIOUS_MOVE = YES;
				CLANG_WARN_UNGUARDED_AVAILABILITY = YES_AGGRESSIVE;
				CLANG_WARN_UNREACHABLE_CODE = YES;
				CLANG_WARN__DUPLICATE_METHOD_MATCH = YES;
				COPY_PHASE_STRIP = NO;
				DEBUG_INFORMATION_FORMAT = "dwarf-with-dsym";
				ENABLE_NS_ASSERTIONS = NO;
				ENABLE_STRICT_OBJC_MSGSEND = YES;
				GCC_C_LANGUAGE_STANDARD = gnu11;
				GCC_NO_COMMON_BLOCKS = YES;
				GCC_WARN_64_TO_32_BIT_CONVERSION = YES;
				GCC_WARN_ABOUT_RETURN_TYPE = YES_ERROR;
				GCC_WARN_UNDECLARED_SELECTOR = YES;
				GCC_WARN_UNINITIALIZED_AUTOS = YES_AGGRESSIVE;
				GCC_WARN_UNUSED_FUNCTION = YES;
				GCC_WARN_UNUSED_VARIABLE = YES;
				IPHONEOS_DEPLOYMENT_TARGET = 14.4;
				MTL_ENABLE_DEBUG_INFO = NO;
				MTL_FAST_MATH = YES;
				SDKROOT = iphoneos;
				SWIFT_COMPILATION_MODE = wholemodule;
				SWIFT_OPTIMIZATION_LEVEL = "-O";
				VALIDATE_PRODUCT = YES;
			};
			name = Release;
		};
		8E17206A261CC38800A9491C /* Debug */ = {
			isa = XCBuildConfiguration;
			buildSettings = {
				ASSETCATALOG_COMPILER_APPICON_NAME = AppIcon;
				ASSETCATALOG_COMPILER_GLOBAL_ACCENT_COLOR_NAME = AccentColor;
				CODE_SIGN_STYLE = Automatic;
				DEVELOPMENT_TEAM = PVL9QS6W28;
				INFOPLIST_FILE = "jveit-algMultiThreading/Info.plist";
				LD_RUNPATH_SEARCH_PATHS = (
					"$(inherited)",
					"@executable_path/Frameworks",
				);
				PRODUCT_BUNDLE_IDENTIFIER = "com.depaulCSC491.jveit-algMultiThreading";
				PRODUCT_NAME = "$(TARGET_NAME)";
				SWIFT_VERSION = 5.0;
				TARGETED_DEVICE_FAMILY = "1,2";
			};
			name = Debug;
		};
		8E17206B261CC38800A9491C /* Release */ = {
			isa = XCBuildConfiguration;
			buildSettings = {
				ASSETCATALOG_COMPILER_APPICON_NAME = AppIcon;
				ASSETCATALOG_COMPILER_GLOBAL_ACCENT_COLOR_NAME = AccentColor;
				CODE_SIGN_STYLE = Automatic;
				DEVELOPMENT_TEAM = PVL9QS6W28;
				INFOPLIST_FILE = "jveit-algMultiThreading/Info.plist";
				LD_RUNPATH_SEARCH_PATHS = (
					"$(inherited)",
					"@executable_path/Frameworks",
				);
				PRODUCT_BUNDLE_IDENTIFIER = "com.depaulCSC491.jveit-algMultiThreading";
				PRODUCT_NAME = "$(TARGET_NAME)";
				SWIFT_VERSION = 5.0;
				TARGETED_DEVICE_FAMILY = "1,2";
			};
			name = Release;
		};
/* End XCBuildConfiguration section */

/* Begin XCConfigurationList section */
		8E172050261CC38200A9491C /* Build configuration list for PBXProject "jveit-algMultiThreading" */ = {
			isa = XCConfigurationList;
			buildConfigurations = (
				8E172067261CC38800A9491C /* Debug */,
				8E172068261CC38800A9491C /* Release */,
			);
			defaultConfigurationIsVisible = 0;
			defaultConfigurationName = Release;
		};
		8E172069261CC38800A9491C /* Build configuration list for PBXNativeTarget "jveit-algMultiThreading" */ = {
			isa = XCConfigurationList;
			buildConfigurations = (
				8E17206A261CC38800A9491C /* Debug */,
				8E17206B261CC38800A9491C /* Release */,
			);
			defaultConfigurationIsVisible = 0;
			defaultConfigurationName = Release;
		};
/* End XCConfigurationList section */
	};
	rootObject = 8E17204D261CC38200A9491C /* Project object */;
}
